// !$*UTF8*$!
{
	archiveVersion = 1;
	classes = {
	};
	objectVersion = 50;
	objects = {

/* Begin PBXBuildFile section */
		20537D7826DB74390069F9B7 /* iosTestApp.swift in Sources */ = {isa = PBXBuildFile; fileRef = 20537D7726DB74390069F9B7 /* iosTestApp.swift */; };
		20537D7A26DB74390069F9B7 /* ContentView.swift in Sources */ = {isa = PBXBuildFile; fileRef = 20537D7926DB74390069F9B7 /* ContentView.swift */; };
		20537D7C26DB743D0069F9B7 /* Assets.xcassets in Resources */ = {isa = PBXBuildFile; fileRef = 20537D7B26DB743D0069F9B7 /* Assets.xcassets */; };
		20537D7F26DB743D0069F9B7 /* Preview Assets.xcassets in Resources */ = {isa = PBXBuildFile; fileRef = 20537D7E26DB743D0069F9B7 /* Preview Assets.xcassets */; };
		20537D8A26DB743E0069F9B7 /* iosTestTests.swift in Sources */ = {isa = PBXBuildFile; fileRef = 20537D8926DB743E0069F9B7 /* iosTestTests.swift */; };
		20537D9526DB743E0069F9B7 /* iosTestUITests.swift in Sources */ = {isa = PBXBuildFile; fileRef = 20537D9426DB743E0069F9B7 /* iosTestUITests.swift */; };
		20537DA626DB7A180069F9B7 /* ListItemView.swift in Sources */ = {isa = PBXBuildFile; fileRef = 20537DA526DB7A180069F9B7 /* ListItemView.swift */; };
		20537DAE26DB83F10069F9B7 /* ListItemDetailView.swift in Sources */ = {isa = PBXBuildFile; fileRef = 20537DAD26DB83F10069F9B7 /* ListItemDetailView.swift */; };
		20537DB926DB950A0069F9B7 /* centerData.swift in Sources */ = {isa = PBXBuildFile; fileRef = 20537DB826DB950A0069F9B7 /* centerData.swift */; };
/* End PBXBuildFile section */

/* Begin PBXContainerItemProxy section */
		20537D8626DB743E0069F9B7 /* PBXContainerItemProxy */ = {
			isa = PBXContainerItemProxy;
			containerPortal = 20537D6C26DB74390069F9B7 /* Project object */;
			proxyType = 1;
			remoteGlobalIDString = 20537D7326DB74390069F9B7;
			remoteInfo = iosTest;
		};
		20537D9126DB743E0069F9B7 /* PBXContainerItemProxy */ = {
			isa = PBXContainerItemProxy;
			containerPortal = 20537D6C26DB74390069F9B7 /* Project object */;
			proxyType = 1;
			remoteGlobalIDString = 20537D7326DB74390069F9B7;
			remoteInfo = iosTest;
		};
/* End PBXContainerItemProxy section */

/* Begin PBXFileReference section */
		20537D7426DB74390069F9B7 /* iosTest.app */ = {isa = PBXFileReference; explicitFileType = wrapper.application; includeInIndex = 0; path = iosTest.app; sourceTree = BUILT_PRODUCTS_DIR; };
		20537D7726DB74390069F9B7 /* iosTestApp.swift */ = {isa = PBXFileReference; lastKnownFileType = sourcecode.swift; path = iosTestApp.swift; sourceTree = "<group>"; };
		20537D7926DB74390069F9B7 /* ContentView.swift */ = {isa = PBXFileReference; lastKnownFileType = sourcecode.swift; path = ContentView.swift; sourceTree = "<group>"; };
		20537D7B26DB743D0069F9B7 /* Assets.xcassets */ = {isa = PBXFileReference; lastKnownFileType = folder.assetcatalog; path = Assets.xcassets; sourceTree = "<group>"; };
		20537D7E26DB743D0069F9B7 /* Preview Assets.xcassets */ = {isa = PBXFileReference; lastKnownFileType = folder.assetcatalog; path = "Preview Assets.xcassets"; sourceTree = "<group>"; };
		20537D8026DB743D0069F9B7 /* Info.plist */ = {isa = PBXFileReference; lastKnownFileType = text.plist.xml; path = Info.plist; sourceTree = "<group>"; };
		20537D8526DB743E0069F9B7 /* iosTestTests.xctest */ = {isa = PBXFileReference; explicitFileType = wrapper.cfbundle; includeInIndex = 0; path = iosTestTests.xctest; sourceTree = BUILT_PRODUCTS_DIR; };
		20537D8926DB743E0069F9B7 /* iosTestTests.swift */ = {isa = PBXFileReference; lastKnownFileType = sourcecode.swift; path = iosTestTests.swift; sourceTree = "<group>"; };
		20537D8B26DB743E0069F9B7 /* Info.plist */ = {isa = PBXFileReference; lastKnownFileType = text.plist.xml; path = Info.plist; sourceTree = "<group>"; };
		20537D9026DB743E0069F9B7 /* iosTestUITests.xctest */ = {isa = PBXFileReference; explicitFileType = wrapper.cfbundle; includeInIndex = 0; path = iosTestUITests.xctest; sourceTree = BUILT_PRODUCTS_DIR; };
		20537D9426DB743E0069F9B7 /* iosTestUITests.swift */ = {isa = PBXFileReference; lastKnownFileType = sourcecode.swift; path = iosTestUITests.swift; sourceTree = "<group>"; };
		20537D9626DB743E0069F9B7 /* Info.plist */ = {isa = PBXFileReference; lastKnownFileType = text.plist.xml; path = Info.plist; sourceTree = "<group>"; };
		20537DA526DB7A180069F9B7 /* ListItemView.swift */ = {isa = PBXFileReference; lastKnownFileType = sourcecode.swift; path = ListItemView.swift; sourceTree = "<group>"; };
		20537DAD26DB83F10069F9B7 /* ListItemDetailView.swift */ = {isa = PBXFileReference; lastKnownFileType = sourcecode.swift; path = ListItemDetailView.swift; sourceTree = "<group>"; };
		20537DB826DB950A0069F9B7 /* centerData.swift */ = {isa = PBXFileReference; lastKnownFileType = sourcecode.swift; path = centerData.swift; sourceTree = "<group>"; };
/* End PBXFileReference section */

/* Begin PBXFrameworksBuildPhase section */
		20537D7126DB74390069F9B7 /* Frameworks */ = {
			isa = PBXFrameworksBuildPhase;
			buildActionMask = 2147483647;
			files = (
			);
			runOnlyForDeploymentPostprocessing = 0;
		};
		20537D8226DB743E0069F9B7 /* Frameworks */ = {
			isa = PBXFrameworksBuildPhase;
			buildActionMask = 2147483647;
			files = (
			);
			runOnlyForDeploymentPostprocessing = 0;
		};
		20537D8D26DB743E0069F9B7 /* Frameworks */ = {
			isa = PBXFrameworksBuildPhase;
			buildActionMask = 2147483647;
			files = (
			);
			runOnlyForDeploymentPostprocessing = 0;
		};
/* End PBXFrameworksBuildPhase section */

/* Begin PBXGroup section */
		20537D6B26DB74390069F9B7 = {
			isa = PBXGroup;
			children = (
				20537D7626DB74390069F9B7 /* iosTest */,
				20537D8826DB743E0069F9B7 /* iosTestTests */,
				20537D9326DB743E0069F9B7 /* iosTestUITests */,
				20537D7526DB74390069F9B7 /* Products */,
			);
			sourceTree = "<group>";
		};
		20537D7526DB74390069F9B7 /* Products */ = {
			isa = PBXGroup;
			children = (
				20537D7426DB74390069F9B7 /* iosTest.app */,
				20537D8526DB743E0069F9B7 /* iosTestTests.xctest */,
				20537D9026DB743E0069F9B7 /* iosTestUITests.xctest */,
			);
			name = Products;
			sourceTree = "<group>";
		};
		20537D7626DB74390069F9B7 /* iosTest */ = {
			isa = PBXGroup;
			children = (
				20537D7726DB74390069F9B7 /* iosTestApp.swift */,
				20537DB726DB94F40069F9B7 /* Models */,
				20537DB626DB94DA0069F9B7 /* Views */,
				20537D7B26DB743D0069F9B7 /* Assets.xcassets */,
				20537D8026DB743D0069F9B7 /* Info.plist */,
				20537D7D26DB743D0069F9B7 /* Preview Content */,
			);
			path = iosTest;
			sourceTree = "<group>";
		};
		20537D7D26DB743D0069F9B7 /* Preview Content */ = {
			isa = PBXGroup;
			children = (
				20537D7E26DB743D0069F9B7 /* Preview Assets.xcassets */,
			);
			path = "Preview Content";
			sourceTree = "<group>";
		};
		20537D8826DB743E0069F9B7 /* iosTestTests */ = {
			isa = PBXGroup;
			children = (
				20537D8926DB743E0069F9B7 /* iosTestTests.swift */,
				20537D8B26DB743E0069F9B7 /* Info.plist */,
			);
			path = iosTestTests;
			sourceTree = "<group>";
		};
		20537D9326DB743E0069F9B7 /* iosTestUITests */ = {
			isa = PBXGroup;
			children = (
				20537D9426DB743E0069F9B7 /* iosTestUITests.swift */,
				20537D9626DB743E0069F9B7 /* Info.plist */,
			);
			path = iosTestUITests;
			sourceTree = "<group>";
		};
		20537DB626DB94DA0069F9B7 /* Views */ = {
			isa = PBXGroup;
			children = (
				20537D7926DB74390069F9B7 /* ContentView.swift */,
				20537DA526DB7A180069F9B7 /* ListItemView.swift */,
				20537DAD26DB83F10069F9B7 /* ListItemDetailView.swift */,
			);
			path = Views;
			sourceTree = "<group>";
		};
		20537DB726DB94F40069F9B7 /* Models */ = {
			isa = PBXGroup;
			children = (
				20537DB826DB950A0069F9B7 /* centerData.swift */,
			);
			path = Models;
			sourceTree = "<group>";
		};
/* End PBXGroup section */

/* Begin PBXNativeTarget section */
		20537D7326DB74390069F9B7 /* iosTest */ = {
			isa = PBXNativeTarget;
			buildConfigurationList = 20537D9926DB743E0069F9B7 /* Build configuration list for PBXNativeTarget "iosTest" */;
			buildPhases = (
				20537D7026DB74390069F9B7 /* Sources */,
				20537D7126DB74390069F9B7 /* Frameworks */,
				20537D7226DB74390069F9B7 /* Resources */,
			);
			buildRules = (
			);
			dependencies = (
			);
			name = iosTest;
			productName = iosTest;
			productReference = 20537D7426DB74390069F9B7 /* iosTest.app */;
			productType = "com.apple.product-type.application";
		};
		20537D8426DB743E0069F9B7 /* iosTestTests */ = {
			isa = PBXNativeTarget;
			buildConfigurationList = 20537D9C26DB743E0069F9B7 /* Build configuration list for PBXNativeTarget "iosTestTests" */;
			buildPhases = (
				20537D8126DB743E0069F9B7 /* Sources */,
				20537D8226DB743E0069F9B7 /* Frameworks */,
				20537D8326DB743E0069F9B7 /* Resources */,
			);
			buildRules = (
			);
			dependencies = (
				20537D8726DB743E0069F9B7 /* PBXTargetDependency */,
			);
			name = iosTestTests;
			productName = iosTestTests;
			productReference = 20537D8526DB743E0069F9B7 /* iosTestTests.xctest */;
			productType = "com.apple.product-type.bundle.unit-test";
		};
		20537D8F26DB743E0069F9B7 /* iosTestUITests */ = {
			isa = PBXNativeTarget;
			buildConfigurationList = 20537D9F26DB743E0069F9B7 /* Build configuration list for PBXNativeTarget "iosTestUITests" */;
			buildPhases = (
				20537D8C26DB743E0069F9B7 /* Sources */,
				20537D8D26DB743E0069F9B7 /* Frameworks */,
				20537D8E26DB743E0069F9B7 /* Resources */,
			);
			buildRules = (
			);
			dependencies = (
				20537D9226DB743E0069F9B7 /* PBXTargetDependency */,
			);
			name = iosTestUITests;
			productName = iosTestUITests;
			productReference = 20537D9026DB743E0069F9B7 /* iosTestUITests.xctest */;
			productType = "com.apple.product-type.bundle.ui-testing";
		};
/* End PBXNativeTarget section */

/* Begin PBXProject section */
		20537D6C26DB74390069F9B7 /* Project object */ = {
			isa = PBXProject;
			attributes = {
				LastSwiftUpdateCheck = 1210;
				LastUpgradeCheck = 1210;
				TargetAttributes = {
					20537D7326DB74390069F9B7 = {
						CreatedOnToolsVersion = 12.1;
					};
					20537D8426DB743E0069F9B7 = {
						CreatedOnToolsVersion = 12.1;
						TestTargetID = 20537D7326DB74390069F9B7;
					};
					20537D8F26DB743E0069F9B7 = {
						CreatedOnToolsVersion = 12.1;
						TestTargetID = 20537D7326DB74390069F9B7;
					};
				};
			};
			buildConfigurationList = 20537D6F26DB74390069F9B7 /* Build configuration list for PBXProject "iosTest" */;
			compatibilityVersion = "Xcode 9.3";
			developmentRegion = en;
			hasScannedForEncodings = 0;
			knownRegions = (
				en,
				Base,
			);
			mainGroup = 20537D6B26DB74390069F9B7;
			productRefGroup = 20537D7526DB74390069F9B7 /* Products */;
			projectDirPath = "";
			projectRoot = "";
			targets = (
				20537D7326DB74390069F9B7 /* iosTest */,
				20537D8426DB743E0069F9B7 /* iosTestTests */,
				20537D8F26DB743E0069F9B7 /* iosTestUITests */,
			);
		};
/* End PBXProject section */

/* Begin PBXResourcesBuildPhase section */
		20537D7226DB74390069F9B7 /* Resources */ = {
			isa = PBXResourcesBuildPhase;
			buildActionMask = 2147483647;
			files = (
				20537D7F26DB743D0069F9B7 /* Preview Assets.xcassets in Resources */,
				20537D7C26DB743D0069F9B7 /* Assets.xcassets in Resources */,
			);
			runOnlyForDeploymentPostprocessing = 0;
		};
		20537D8326DB743E0069F9B7 /* Resources */ = {
			isa = PBXResourcesBuildPhase;
			buildActionMask = 2147483647;
			files = (
			);
			runOnlyForDeploymentPostprocessing = 0;
		};
		20537D8E26DB743E0069F9B7 /* Resources */ = {
			isa = PBXResourcesBuildPhase;
			buildActionMask = 2147483647;
			files = (
			);
			runOnlyForDeploymentPostprocessing = 0;
		};
/* End PBXResourcesBuildPhase section */

/* Begin PBXSourcesBuildPhase section */
		20537D7026DB74390069F9B7 /* Sources */ = {
			isa = PBXSourcesBuildPhase;
			buildActionMask = 2147483647;
			files = (
				20537DB926DB950A0069F9B7 /* centerData.swift in Sources */,
				20537DAE26DB83F10069F9B7 /* ListItemDetailView.swift in Sources */,
				20537DA626DB7A180069F9B7 /* ListItemView.swift in Sources */,
				20537D7A26DB74390069F9B7 /* ContentView.swift in Sources */,
				20537D7826DB74390069F9B7 /* iosTestApp.swift in Sources */,
			);
			runOnlyForDeploymentPostprocessing = 0;
		};
		20537D8126DB743E0069F9B7 /* Sources */ = {
			isa = PBXSourcesBuildPhase;
			buildActionMask = 2147483647;
			files = (
				20537D8A26DB743E0069F9B7 /* iosTestTests.swift in Sources */,
			);
			runOnlyForDeploymentPostprocessing = 0;
		};
		20537D8C26DB743E0069F9B7 /* Sources */ = {
			isa = PBXSourcesBuildPhase;
			buildActionMask = 2147483647;
			files = (
				20537D9526DB743E0069F9B7 /* iosTestUITests.swift in Sources */,
			);
			runOnlyForDeploymentPostprocessing = 0;
		};
/* End PBXSourcesBuildPhase section */

/* Begin PBXTargetDependency section */
		20537D8726DB743E0069F9B7 /* PBXTargetDependency */ = {
			isa = PBXTargetDependency;
			target = 20537D7326DB74390069F9B7 /* iosTest */;
			targetProxy = 20537D8626DB743E0069F9B7 /* PBXContainerItemProxy */;
		};
		20537D9226DB743E0069F9B7 /* PBXTargetDependency */ = {
			isa = PBXTargetDependency;
			target = 20537D7326DB74390069F9B7 /* iosTest */;
			targetProxy = 20537D9126DB743E0069F9B7 /* PBXContainerItemProxy */;
		};
/* End PBXTargetDependency section */

/* Begin XCBuildConfiguration section */
		20537D9726DB743E0069F9B7 /* Debug */ = {
			isa = XCBuildConfiguration;
			buildSettings = {
				ALWAYS_SEARCH_USER_PATHS = NO;
				CLANG_ANALYZER_NONNULL = YES;
				CLANG_ANALYZER_NUMBER_OBJECT_CONVERSION = YES_AGGRESSIVE;
				CLANG_CXX_LANGUAGE_STANDARD = "gnu++14";
				CLANG_CXX_LIBRARY = "libc++";
				CLANG_ENABLE_MODULES = YES;
				CLANG_ENABLE_OBJC_ARC = YES;
				CLANG_ENABLE_OBJC_WEAK = YES;
				CLANG_WARN_BLOCK_CAPTURE_AUTORELEASING = YES;
				CLANG_WARN_BOOL_CONVERSION = YES;
				CLANG_WARN_COMMA = YES;
				CLANG_WARN_CONSTANT_CONVERSION = YES;
				CLANG_WARN_DEPRECATED_OBJC_IMPLEMENTATIONS = YES;
				CLANG_WARN_DIRECT_OBJC_ISA_USAGE = YES_ERROR;
				CLANG_WARN_DOCUMENTATION_COMMENTS = YES;
				CLANG_WARN_EMPTY_BODY = YES;
				CLANG_WARN_ENUM_CONVERSION = YES;
				CLANG_WARN_INFINITE_RECURSION = YES;
				CLANG_WARN_INT_CONVERSION = YES;
				CLANG_WARN_NON_LITERAL_NULL_CONVERSION = YES;
				CLANG_WARN_OBJC_IMPLICIT_RETAIN_SELF = YES;
				CLANG_WARN_OBJC_LITERAL_CONVERSION = YES;
				CLANG_WARN_OBJC_ROOT_CLASS = YES_ERROR;
				CLANG_WARN_QUOTED_INCLUDE_IN_FRAMEWORK_HEADER = YES;
				CLANG_WARN_RANGE_LOOP_ANALYSIS = YES;
				CLANG_WARN_STRICT_PROTOTYPES = YES;
				CLANG_WARN_SUSPICIOUS_MOVE = YES;
				CLANG_WARN_UNGUARDED_AVAILABILITY = YES_AGGRESSIVE;
				CLANG_WARN_UNREACHABLE_CODE = YES;
				CLANG_WARN__DUPLICATE_METHOD_MATCH = YES;
				COPY_PHASE_STRIP = NO;
				DEBUG_INFORMATION_FORMAT = dwarf;
				ENABLE_STRICT_OBJC_MSGSEND = YES;
				ENABLE_TESTABILITY = YES;
				GCC_C_LANGUAGE_STANDARD = gnu11;
				GCC_DYNAMIC_NO_PIC = NO;
				GCC_NO_COMMON_BLOCKS = YES;
				GCC_OPTIMIZATION_LEVEL = 0;
				GCC_PREPROCESSOR_DEFINITIONS = (
					"DEBUG=1",
					"$(inherited)",
				);
				GCC_WARN_64_TO_32_BIT_CONVERSION = YES;
				GCC_WARN_ABOUT_RETURN_TYPE = YES_ERROR;
				GCC_WARN_UNDECLARED_SELECTOR = YES;
				GCC_WARN_UNINITIALIZED_AUTOS = YES_AGGRESSIVE;
				GCC_WARN_UNUSED_FUNCTION = YES;
				GCC_WARN_UNUSED_VARIABLE = YES;
				IPHONEOS_DEPLOYMENT_TARGET = 14.1;
				MTL_ENABLE_DEBUG_INFO = INCLUDE_SOURCE;
				MTL_FAST_MATH = YES;
				ONLY_ACTIVE_ARCH = YES;
				SDKROOT = iphoneos;
				SWIFT_ACTIVE_COMPILATION_CONDITIONS = DEBUG;
				SWIFT_OPTIMIZATION_LEVEL = "-Onone";
			};
			name = Debug;
		};
		20537D9826DB743E0069F9B7 /* Release */ = {
			isa = XCBuildConfiguration;
			buildSettings = {
				ALWAYS_SEARCH_USER_PATHS = NO;
				CLANG_ANALYZER_NONNULL = YES;
				CLANG_ANALYZER_NUMBER_OBJECT_CONVERSION = YES_AGGRESSIVE;
				CLANG_CXX_LANGUAGE_STANDARD = "gnu++14";
				CLANG_CXX_LIBRARY = "libc++";
				CLANG_ENABLE_MODULES = YES;
				CLANG_ENABLE_OBJC_ARC = YES;
				CLANG_ENABLE_OBJC_WEAK = YES;
				CLANG_WARN_BLOCK_CAPTURE_AUTORELEASING = YES;
				CLANG_WARN_BOOL_CONVERSION = YES;
				CLANG_WARN_COMMA = YES;
				CLANG_WARN_CONSTANT_CONVERSION = YES;
				CLANG_WARN_DEPRECATED_OBJC_IMPLEMENTATIONS = YES;
				CLANG_WARN_DIRECT_OBJC_ISA_USAGE = YES_ERROR;
				CLANG_WARN_DOCUMENTATION_COMMENTS = YES;
				CLANG_WARN_EMPTY_BODY = YES;
				CLANG_WARN_ENUM_CONVERSION = YES;
				CLANG_WARN_INFINITE_RECURSION = YES;
				CLANG_WARN_INT_CONVERSION = YES;
				CLANG_WARN_NON_LITERAL_NULL_CONVERSION = YES;
				CLANG_WARN_OBJC_IMPLICIT_RETAIN_SELF = YES;
				CLANG_WARN_OBJC_LITERAL_CONVERSION = YES;
				CLANG_WARN_OBJC_ROOT_CLASS = YES_ERROR;
				CLANG_WARN_QUOTED_INCLUDE_IN_FRAMEWORK_HEADER = YES;
				CLANG_WARN_RANGE_LOOP_ANALYSIS = YES;
				CLANG_WARN_STRICT_PROTOTYPES = YES;
				CLANG_WARN_SUSPICIOUS_MOVE = YES;
				CLANG_WARN_UNGUARDED_AVAILABILITY = YES_AGGRESSIVE;
				CLANG_WARN_UNREACHABLE_CODE = YES;
				CLANG_WARN__DUPLICATE_METHOD_MATCH = YES;
				COPY_PHASE_STRIP = NO;
				DEBUG_INFORMATION_FORMAT = "dwarf-with-dsym";
				ENABLE_NS_ASSERTIONS = NO;
				ENABLE_STRICT_OBJC_MSGSEND = YES;
				GCC_C_LANGUAGE_STANDARD = gnu11;
				GCC_NO_COMMON_BLOCKS = YES;
				GCC_WARN_64_TO_32_BIT_CONVERSION = YES;
				GCC_WARN_ABOUT_RETURN_TYPE = YES_ERROR;
				GCC_WARN_UNDECLARED_SELECTOR = YES;
				GCC_WARN_UNINITIALIZED_AUTOS = YES_AGGRESSIVE;
				GCC_WARN_UNUSED_FUNCTION = YES;
				GCC_WARN_UNUSED_VARIABLE = YES;
				IPHONEOS_DEPLOYMENT_TARGET = 14.1;
				MTL_ENABLE_DEBUG_INFO = NO;
				MTL_FAST_MATH = YES;
				SDKROOT = iphoneos;
				SWIFT_COMPILATION_MODE = wholemodule;
				SWIFT_OPTIMIZATION_LEVEL = "-O";
				VALIDATE_PRODUCT = YES;
			};
			name = Release;
		};
		20537D9A26DB743E0069F9B7 /* Debug */ = {
			isa = XCBuildConfiguration;
			buildSettings = {
				ASSETCATALOG_COMPILER_APPICON_NAME = AppIcon;
				ASSETCATALOG_COMPILER_GLOBAL_ACCENT_COLOR_NAME = AccentColor;
				CODE_SIGN_STYLE = Automatic;
				DEVELOPMENT_ASSET_PATHS = "\"iosTest/Preview Content\"";
				ENABLE_PREVIEWS = YES;
				INFOPLIST_FILE = iosTest/Info.plist;
				IPHONEOS_DEPLOYMENT_TARGET = 14.0;
				LD_RUNPATH_SEARCH_PATHS = (
					"$(inherited)",
					"@executable_path/Frameworks",
				);
				PRODUCT_BUNDLE_IDENTIFIER = caznm.test.iosTest;
				PRODUCT_NAME = "$(TARGET_NAME)";
				SWIFT_VERSION = 5.0;
				TARGETED_DEVICE_FAMILY = "1,2";
			};
			name = Debug;
		};
		20537D9B26DB743E0069F9B7 /* Release */ = {
			isa = XCBuildConfiguration;
			buildSettings = {
				ASSETCATALOG_COMPILER_APPICON_NAME = AppIcon;
				ASSETCATALOG_COMPILER_GLOBAL_ACCENT_COLOR_NAME = AccentColor;
				CODE_SIGN_STYLE = Automatic;
				DEVELOPMENT_ASSET_PATHS = "\"iosTest/Preview Content\"";
				ENABLE_PREVIEWS = YES;
				INFOPLIST_FILE = iosTest/Info.plist;
				IPHONEOS_DEPLOYMENT_TARGET = 14.0;
				LD_RUNPATH_SEARCH_PATHS = (
					"$(inherited)",
					"@executable_path/Frameworks",
				);
				PRODUCT_BUNDLE_IDENTIFIER = caznm.test.iosTest;
				PRODUCT_NAME = "$(TARGET_NAME)";
				SWIFT_VERSION = 5.0;
				TARGETED_DEVICE_FAMILY = "1,2";
			};
			name = Release;
		};
		20537D9D26DB743E0069F9B7 /* Debug */ = {
			isa = XCBuildConfiguration;
			buildSettings = {
				ALWAYS_EMBED_SWIFT_STANDARD_LIBRARIES = YES;
				BUNDLE_LOADER = "$(TEST_HOST)";
				CODE_SIGN_STYLE = Automatic;
				INFOPLIST_FILE = iosTestTests/Info.plist;
				IPHONEOS_DEPLOYMENT_TARGET = 14.0;
				LD_RUNPATH_SEARCH_PATHS = (
					"$(inherited)",
					"@executable_path/Frameworks",
					"@loader_path/Frameworks",
				);
				PRODUCT_BUNDLE_IDENTIFIER = caznm.test.iosTestTests;
				PRODUCT_NAME = "$(TARGET_NAME)";
				SWIFT_VERSION = 5.0;
				TARGETED_DEVICE_FAMILY = "1,2";
				TEST_HOST = "$(BUILT_PRODUCTS_DIR)/iosTest.app/iosTest";
			};
			name = Debug;
		};
		20537D9E26DB743E0069F9B7 /* Release */ = {
			isa = XCBuildConfiguration;
			buildSettings = {
				ALWAYS_EMBED_SWIFT_STANDARD_LIBRARIES = YES;
				BUNDLE_LOADER = "$(TEST_HOST)";
				CODE_SIGN_STYLE = Automatic;
				INFOPLIST_FILE = iosTestTests/Info.plist;
				IPHONEOS_DEPLOYMENT_TARGET = 14.0;
				LD_RUNPATH_SEARCH_PATHS = (
					"$(inherited)",
					"@executable_path/Frameworks",
					"@loader_path/Frameworks",
				);
				PRODUCT_BUNDLE_IDENTIFIER = caznm.test.iosTestTests;
				PRODUCT_NAME = "$(TARGET_NAME)";
				SWIFT_VERSION = 5.0;
				TARGETED_DEVICE_FAMILY = "1,2";
				TEST_HOST = "$(BUILT_PRODUCTS_DIR)/iosTest.app/iosTest";
			};
			name = Release;
		};
		20537DA026DB743E0069F9B7 /* Debug */ = {
			isa = XCBuildConfiguration;
			buildSettings = {
				ALWAYS_EMBED_SWIFT_STANDARD_LIBRARIES = YES;
				CODE_SIGN_STYLE = Automatic;
				INFOPLIST_FILE = iosTestUITests/Info.plist;
				LD_RUNPATH_SEARCH_PATHS = (
					"$(inherited)",
					"@executable_path/Frameworks",
					"@loader_path/Frameworks",
				);
				PRODUCT_BUNDLE_IDENTIFIER = caznm.test.iosTestUITests;
				PRODUCT_NAME = "$(TARGET_NAME)";
				SWIFT_VERSION = 5.0;
				TARGETED_DEVICE_FAMILY = "1,2";
				TEST_TARGET_NAME = iosTest;
			};
			name = Debug;
		};
		20537DA126DB743E0069F9B7 /* Release */ = {
			isa = XCBuildConfiguration;
			buildSettings = {
				ALWAYS_EMBED_SWIFT_STANDARD_LIBRARIES = YES;
				CODE_SIGN_STYLE = Automatic;
				INFOPLIST_FILE = iosTestUITests/Info.plist;
				LD_RUNPATH_SEARCH_PATHS = (
					"$(inherited)",
					"@executable_path/Frameworks",
					"@loader_path/Frameworks",
				);
				PRODUCT_BUNDLE_IDENTIFIER = caznm.test.iosTestUITests;
				PRODUCT_NAME = "$(TARGET_NAME)";
				SWIFT_VERSION = 5.0;
				TARGETED_DEVICE_FAMILY = "1,2";
				TEST_TARGET_NAME = iosTest;
			};
			name = Release;
		};
/* End XCBuildConfiguration section */

/* Begin XCConfigurationList section */
		20537D6F26DB74390069F9B7 /* Build configuration list for PBXProject "iosTest" */ = {
			isa = XCConfigurationList;
			buildConfigurations = (
				20537D9726DB743E0069F9B7 /* Debug */,
				20537D9826DB743E0069F9B7 /* Release */,
			);
			defaultConfigurationIsVisible = 0;
			defaultConfigurationName = Release;
		};
		20537D9926DB743E0069F9B7 /* Build configuration list for PBXNativeTarget "iosTest" */ = {
			isa = XCConfigurationList;
			buildConfigurations = (
				20537D9A26DB743E0069F9B7 /* Debug */,
				20537D9B26DB743E0069F9B7 /* Release */,
			);
			defaultConfigurationIsVisible = 0;
			defaultConfigurationName = Release;
		};
		20537D9C26DB743E0069F9B7 /* Build configuration list for PBXNativeTarget "iosTestTests" */ = {
			isa = XCConfigurationList;
			buildConfigurations = (
				20537D9D26DB743E0069F9B7 /* Debug */,
				20537D9E26DB743E0069F9B7 /* Release */,
			);
			defaultConfigurationIsVisible = 0;
			defaultConfigurationName = Release;
		};
		20537D9F26DB743E0069F9B7 /* Build configuration list for PBXNativeTarget "iosTestUITests" */ = {
			isa = XCConfigurationList;
			buildConfigurations = (
				20537DA026DB743E0069F9B7 /* Debug */,
				20537DA126DB743E0069F9B7 /* Release */,
			);
			defaultConfigurationIsVisible = 0;
			defaultConfigurationName = Release;
		};
/* End XCConfigurationList section */
	};
	rootObject = 20537D6C26DB74390069F9B7 /* Project object */;
}
